
Microsoft Visual Studio Solution File, Format Version 12.00
# Visual Studio Version 16
VisualStudioVersion = 16.0.30711.63
MinimumVisualStudioVersion = 10.0.40219.1
Project("{FAE04EC0-301F-11D3-BF4B-00C04F79EFBC}") = "MP2", "MP2\MP2.csproj", "{195ED1FE-E128-4DCC-828F-32E96650827F}"
EndProject
Global
	GlobalSection(SolutionConfigurationPlatforms) = preSolution
		Debug|Any CPU = Debug|Any CPU
		Release|Any CPU = Release|Any CPU
	EndGlobalSection
	GlobalSection(ProjectConfigurationPlatforms) = postSolution
		{195ED1FE-E128-4DCC-828F-32E96650827F}.Debug|Any CPU.ActiveCfg = Debug|Any CPU
		{195ED1FE-E128-4DCC-828F-32E96650827F}.Debug|Any CPU.Build.0 = Debug|Any CPU
		{195ED1FE-E128-4DCC-828F-32E96650827F}.Release|Any CPU.ActiveCfg = Release|Any CPU
		{195ED1FE-E128-4DCC-828F-32E96650827F}.Release|Any CPU.Build.0 = Release|Any CPU
	EndGlobalSection
	GlobalSection(SolutionProperties) = preSolution
		HideSolutionNode = FALSE
	EndGlobalSection
	GlobalSection(ExtensibilityGlobals) = postSolution
		SolutionGuid = {25B9FD2E-0ECB-44C4-88B3-1AED91D048BB}
	EndGlobalSection
EndGlobal
